
Microsoft Visual Studio Solution File, Format Version 12.00
# Visual Studio Version 17
VisualStudioVersion = 17.6.33815.320
MinimumVisualStudioVersion = 10.0.40219.1
Project("{9A19103F-16F7-4668-BE54-9A1E7A4F7556}") = "fastsharp", "fastsharp\fastsharp.csproj", "{1A6FE102-74E3-4C13-919E-592F3ECF06B7}"
EndProject
Project("{9A19103F-16F7-4668-BE54-9A1E7A4F7556}") = "fastsharp.TestProject", "fastsharp.TestProject\fastsharp.TestProject.csproj", "{CBC7FE3D-FA5B-447D-A613-36D4DC9A2651}"
EndProject
Project("{FAE04EC0-301F-11D3-BF4B-00C04F79EFBC}") = "fastsharp.Tests", "fastsharp.Tests\fastsharp.Tests.csproj", "{B1343131-84DF-45B5-AECF-E5BAD709FC61}"
EndProject
Global
	GlobalSection(SolutionConfigurationPlatforms) = preSolution
		Debug|Any CPU = Debug|Any CPU
		Release|Any CPU = Release|Any CPU
	EndGlobalSection
	GlobalSection(ProjectConfigurationPlatforms) = postSolution
		{1A6FE102-74E3-4C13-919E-592F3ECF06B7}.Debug|Any CPU.ActiveCfg = Debug|Any CPU
		{1A6FE102-74E3-4C13-919E-592F3ECF06B7}.Debug|Any CPU.Build.0 = Debug|Any CPU
		{1A6FE102-74E3-4C13-919E-592F3ECF06B7}.Release|Any CPU.ActiveCfg = Release|Any CPU
		{1A6FE102-74E3-4C13-919E-592F3ECF06B7}.Release|Any CPU.Build.0 = Release|Any CPU
		{CBC7FE3D-FA5B-447D-A613-36D4DC9A2651}.Debug|Any CPU.ActiveCfg = Debug|Any CPU
		{CBC7FE3D-FA5B-447D-A613-36D4DC9A2651}.Debug|Any CPU.Build.0 = Debug|Any CPU
		{CBC7FE3D-FA5B-447D-A613-36D4DC9A2651}.Release|Any CPU.ActiveCfg = Release|Any CPU
		{CBC7FE3D-FA5B-447D-A613-36D4DC9A2651}.Release|Any CPU.Build.0 = Release|Any CPU
		{B1343131-84DF-45B5-AECF-E5BAD709FC61}.Debug|Any CPU.ActiveCfg = Debug|Any CPU
		{B1343131-84DF-45B5-AECF-E5BAD709FC61}.Debug|Any CPU.Build.0 = Debug|Any CPU
		{B1343131-84DF-45B5-AECF-E5BAD709FC61}.Release|Any CPU.ActiveCfg = Release|Any CPU
		{B1343131-84DF-45B5-AECF-E5BAD709FC61}.Release|Any CPU.Build.0 = Release|Any CPU
	EndGlobalSection
	GlobalSection(SolutionProperties) = preSolution
		HideSolutionNode = FALSE
	EndGlobalSection
	GlobalSection(ExtensibilityGlobals) = postSolution
		SolutionGuid = {A9515163-76F2-4CE5-8766-9C1BF3D90929}
	EndGlobalSection
EndGlobal
